
Microsoft Visual Studio Solution File, Format Version 12.00
# Visual Studio Version 17
VisualStudioVersion = 17.9.34616.47
MinimumVisualStudioVersion = 10.0.40219.1
Project("{FAE04EC0-301F-11D3-BF4B-00C04F79EFBC}") = "Homework.ParallelFileReading", "Homework.ParallelFileReading\Homework.ParallelFileReading.csproj", "{868D54BF-ABCA-498E-99D6-79B67413E19D}"
EndProject
Global
	GlobalSection(SolutionConfigurationPlatforms) = preSolution
		Debug|Any CPU = Debug|Any CPU
		Release|Any CPU = Release|Any CPU
	EndGlobalSection
	GlobalSection(ProjectConfigurationPlatforms) = postSolution
		{868D54BF-ABCA-498E-99D6-79B67413E19D}.Debug|Any CPU.ActiveCfg = Debug|Any CPU
		{868D54BF-ABCA-498E-99D6-79B67413E19D}.Debug|Any CPU.Build.0 = Debug|Any CPU
		{868D54BF-ABCA-498E-99D6-79B67413E19D}.Release|Any CPU.ActiveCfg = Release|Any CPU
		{868D54BF-ABCA-498E-99D6-79B67413E19D}.Release|Any CPU.Build.0 = Release|Any CPU
	EndGlobalSection
	GlobalSection(SolutionProperties) = preSolution
		HideSolutionNode = FALSE
	EndGlobalSection
	GlobalSection(ExtensibilityGlobals) = postSolution
		SolutionGuid = {4E829977-EDF8-4F74-B54B-857432426804}
	EndGlobalSection
EndGlobal
